
Microsoft Visual Studio Solution File, Format Version 12.00
# Visual Studio Version 17
VisualStudioVersion = 17.8.34316.72
MinimumVisualStudioVersion = 10.0.40219.1
Project("{FAE04EC0-301F-11D3-BF4B-00C04F79EFBC}") = "HomeWork1", "HomeWork1\HomeWork1.csproj", "{A590E447-0B8E-4BF3-BFB2-DD90421CDEDD}"
EndProject
Global
	GlobalSection(SolutionConfigurationPlatforms) = preSolution
		Debug|Any CPU = Debug|Any CPU
		Release|Any CPU = Release|Any CPU
	EndGlobalSection
	GlobalSection(ProjectConfigurationPlatforms) = postSolution
		{A590E447-0B8E-4BF3-BFB2-DD90421CDEDD}.Debug|Any CPU.ActiveCfg = Debug|Any CPU
		{A590E447-0B8E-4BF3-BFB2-DD90421CDEDD}.Debug|Any CPU.Build.0 = Debug|Any CPU
		{A590E447-0B8E-4BF3-BFB2-DD90421CDEDD}.Release|Any CPU.ActiveCfg = Release|Any CPU
		{A590E447-0B8E-4BF3-BFB2-DD90421CDEDD}.Release|Any CPU.Build.0 = Release|Any CPU
	EndGlobalSection
	GlobalSection(SolutionProperties) = preSolution
		HideSolutionNode = FALSE
	EndGlobalSection
	GlobalSection(ExtensibilityGlobals) = postSolution
		SolutionGuid = {707004EC-124D-4E6D-BA60-80D327D06A11}
	EndGlobalSection
EndGlobal
